
Microsoft Visual Studio Solution File, Format Version 12.00
# Visual Studio Version 16
VisualStudioVersion = 16.0.29609.76
MinimumVisualStudioVersion = 10.0.40219.1
Project("{FAE04EC0-301F-11D3-BF4B-00C04F79EFBC}") = "SCPSwap", "SCPSwap\SCPSwap.csproj", "{647D3988-69AF-4DD8-8F34-3FB80D7DA819}"
EndProject
Global
	GlobalSection(SolutionConfigurationPlatforms) = preSolution
		Debug|Any CPU = Debug|Any CPU
		Release|Any CPU = Release|Any CPU
	EndGlobalSection
	GlobalSection(ProjectConfigurationPlatforms) = postSolution
		{647D3988-69AF-4DD8-8F34-3FB80D7DA819}.Debug|Any CPU.ActiveCfg = Debug|Any CPU
		{647D3988-69AF-4DD8-8F34-3FB80D7DA819}.Debug|Any CPU.Build.0 = Debug|Any CPU
		{647D3988-69AF-4DD8-8F34-3FB80D7DA819}.Release|Any CPU.ActiveCfg = Release|Any CPU
		{647D3988-69AF-4DD8-8F34-3FB80D7DA819}.Release|Any CPU.Build.0 = Release|Any CPU
	EndGlobalSection
	GlobalSection(SolutionProperties) = preSolution
		HideSolutionNode = FALSE
	EndGlobalSection
	GlobalSection(ExtensibilityGlobals) = postSolution
		SolutionGuid = {890BCCB0-52E4-454D-B770-AA8F69D75D6D}
	EndGlobalSection
EndGlobal
